
Microsoft Visual Studio Solution File, Format Version 12.00
# Visual Studio 14
VisualStudioVersion = 14.0.25123.0
MinimumVisualStudioVersion = 10.0.40219.1
Project("{FAE04EC0-301F-11D3-BF4B-00C04F79EFBC}") = "QualScheme", "QualScheme\QualScheme.csproj", "{01782D30-ADCA-451F-BBDA-993BB95E69D9}"
EndProject
Project("{54435603-DBB4-11D2-8724-00A0C9A8B90C}") = "QualScheme Installer", "QualScheme Installer\QualScheme Installer.vdproj", "{F38DA2E9-DE44-4A27-9B9D-007AABD77FF6}"
EndProject
Global
	GlobalSection(SolutionConfigurationPlatforms) = preSolution
		Debug|Any CPU = Debug|Any CPU
		Release|Any CPU = Release|Any CPU
	EndGlobalSection
	GlobalSection(ProjectConfigurationPlatforms) = postSolution
		{01782D30-ADCA-451F-BBDA-993BB95E69D9}.Debug|Any CPU.ActiveCfg = Debug|Any CPU
		{01782D30-ADCA-451F-BBDA-993BB95E69D9}.Debug|Any CPU.Build.0 = Debug|Any CPU
		{01782D30-ADCA-451F-BBDA-993BB95E69D9}.Release|Any CPU.ActiveCfg = Release|Any CPU
		{01782D30-ADCA-451F-BBDA-993BB95E69D9}.Release|Any CPU.Build.0 = Release|Any CPU
		{F38DA2E9-DE44-4A27-9B9D-007AABD77FF6}.Debug|Any CPU.ActiveCfg = Debug
		{F38DA2E9-DE44-4A27-9B9D-007AABD77FF6}.Release|Any CPU.ActiveCfg = Release
	EndGlobalSection
	GlobalSection(SolutionProperties) = preSolution
		HideSolutionNode = FALSE
	EndGlobalSection
EndGlobal
